# THIS IS AN AUTOGENERATED FILE. DO NOT EDIT THIS FILE DIRECTLY.
# yarn lockfile v1


jquery@1.9.*:
  version "1.9.1"
  resolved "https://registry.yarnpkg.com/jquery/-/jquery-1.9.1.tgz#e4cd4835faaefbade535857613c0fc3ff2adaf34"

jstorage@^0.4.8:
  version "0.4.8"
  resolved "https://registry.yarnpkg.com/jstorage/-/jstorage-0.4.8.tgz#29380072d6d3c1a0e2a5893ff1ee3b1cfc74f9a0"

resumablejs@1.0.*:
  version "1.0.2"
  resolved "https://registry.yarnpkg.com/resumablejs/-/resumablejs-1.0.2.tgz#0456ff05e52455e410d8c0102b836cdfce5943bd"

spark-md5@^3.0.0:
  version "3.0.0"
  resolved "https://registry.yarnpkg.com/spark-md5/-/spark-md5-3.0.0.tgz#3722227c54e2faf24b1dc6d933cc144e6f71bfef"
